// !$*UTF8*$!
{
	archiveVersion = 1;
	classes = {
	};
	objectVersion = 50;
	objects = {

/* Begin PBXBuildFile section */
		270C6C6323BA040200E05B79 /* MscnProblem.cpp in Sources */ = {isa = PBXBuildFile; fileRef = 270C6C6223BA040200E05B79 /* MscnProblem.cpp */; };
		270C6C6923BB4A7E00E05B79 /* Random.cpp in Sources */ = {isa = PBXBuildFile; fileRef = 270C6C6823BB4A7E00E05B79 /* Random.cpp */; };
		270C6C6D23BB8F6400E05B79 /* Range.cpp in Sources */ = {isa = PBXBuildFile; fileRef = 270C6C6B23BB8F6400E05B79 /* Range.cpp */; };
		270C6C7123BCB71000E05B79 /* Double.cpp in Sources */ = {isa = PBXBuildFile; fileRef = 270C6C6F23BCB71000E05B79 /* Double.cpp */; };
		270C6C7523BCD61D00E05B79 /* Archive.cpp in Sources */ = {isa = PBXBuildFile; fileRef = 270C6C7323BCD61D00E05B79 /* Archive.cpp */; };
		270C6C7823BFD24100E05B79 /* RandomSearch.cpp in Sources */ = {isa = PBXBuildFile; fileRef = 270C6C7623BFD24100E05B79 /* RandomSearch.cpp */; };
		270C6C7C23C28A4400E05B79 /* MscnSolution.cpp in Sources */ = {isa = PBXBuildFile; fileRef = 270C6C7A23C28A4400E05B79 /* MscnSolution.cpp */; };
		270C6C7F23CC85DF00E05B79 /* DiffEvol.cpp in Sources */ = {isa = PBXBuildFile; fileRef = 270C6C7D23CC85DF00E05B79 /* DiffEvol.cpp */; };
		271825C623B6ACEE0030A4EF /* main.cpp in Sources */ = {isa = PBXBuildFile; fileRef = 271825C523B6ACEE0030A4EF /* main.cpp */; };
/* End PBXBuildFile section */

/* Begin PBXCopyFilesBuildPhase section */
		271825C023B6ACEE0030A4EF /* CopyFiles */ = {
			isa = PBXCopyFilesBuildPhase;
			buildActionMask = 2147483647;
			dstPath = /usr/share/man/man1/;
			dstSubfolderSpec = 0;
			files = (
			);
			runOnlyForDeploymentPostprocessing = 1;
		};
/* End PBXCopyFilesBuildPhase section */

/* Begin PBXFileReference section */
		270C6C6123B8D28400E05B79 /* MscnProblem.h */ = {isa = PBXFileReference; lastKnownFileType = sourcecode.c.h; path = MscnProblem.h; sourceTree = "<group>"; };
		270C6C6223BA040200E05B79 /* MscnProblem.cpp */ = {isa = PBXFileReference; lastKnownFileType = sourcecode.cpp.cpp; path = MscnProblem.cpp; sourceTree = "<group>"; };
		270C6C6523BA53E400E05B79 /* Consts.h */ = {isa = PBXFileReference; lastKnownFileType = sourcecode.c.h; path = Consts.h; sourceTree = "<group>"; };
		270C6C6723BB4A6E00E05B79 /* Random.h */ = {isa = PBXFileReference; lastKnownFileType = sourcecode.c.h; path = Random.h; sourceTree = "<group>"; };
		270C6C6823BB4A7E00E05B79 /* Random.cpp */ = {isa = PBXFileReference; lastKnownFileType = sourcecode.cpp.cpp; path = Random.cpp; sourceTree = "<group>"; };
		270C6C6B23BB8F6400E05B79 /* Range.cpp */ = {isa = PBXFileReference; lastKnownFileType = sourcecode.cpp.cpp; path = Range.cpp; sourceTree = "<group>"; };
		270C6C6C23BB8F6400E05B79 /* Range.h */ = {isa = PBXFileReference; lastKnownFileType = sourcecode.c.h; path = Range.h; sourceTree = "<group>"; };
		270C6C6F23BCB71000E05B79 /* Double.cpp */ = {isa = PBXFileReference; lastKnownFileType = sourcecode.cpp.cpp; path = Double.cpp; sourceTree = "<group>"; };
		270C6C7023BCB71000E05B79 /* Double.h */ = {isa = PBXFileReference; lastKnownFileType = sourcecode.c.h; path = Double.h; sourceTree = "<group>"; };
		270C6C7323BCD61D00E05B79 /* Archive.cpp */ = {isa = PBXFileReference; lastKnownFileType = sourcecode.cpp.cpp; path = Archive.cpp; sourceTree = "<group>"; };
		270C6C7423BCD61D00E05B79 /* Archive.h */ = {isa = PBXFileReference; lastKnownFileType = sourcecode.c.h; path = Archive.h; sourceTree = "<group>"; };
		270C6C7623BFD24100E05B79 /* RandomSearch.cpp */ = {isa = PBXFileReference; lastKnownFileType = sourcecode.cpp.cpp; path = RandomSearch.cpp; sourceTree = "<group>"; };
		270C6C7723BFD24100E05B79 /* RandomSearch.h */ = {isa = PBXFileReference; lastKnownFileType = sourcecode.c.h; path = RandomSearch.h; sourceTree = "<group>"; };
		270C6C7923C2881D00E05B79 /* MatrixHelper.h */ = {isa = PBXFileReference; lastKnownFileType = sourcecode.c.h; path = MatrixHelper.h; sourceTree = "<group>"; };
		270C6C7A23C28A4400E05B79 /* MscnSolution.cpp */ = {isa = PBXFileReference; lastKnownFileType = sourcecode.cpp.cpp; path = MscnSolution.cpp; sourceTree = "<group>"; };
		270C6C7B23C28A4400E05B79 /* MscnSolution.h */ = {isa = PBXFileReference; lastKnownFileType = sourcecode.c.h; path = MscnSolution.h; sourceTree = "<group>"; };
		270C6C7D23CC85DF00E05B79 /* DiffEvol.cpp */ = {isa = PBXFileReference; lastKnownFileType = sourcecode.cpp.cpp; path = DiffEvol.cpp; sourceTree = "<group>"; };
		270C6C7E23CC85DF00E05B79 /* DiffEvol.h */ = {isa = PBXFileReference; lastKnownFileType = sourcecode.c.h; path = DiffEvol.h; sourceTree = "<group>"; };
		271825C223B6ACEE0030A4EF /* TEP Project */ = {isa = PBXFileReference; explicitFileType = "compiled.mach-o.executable"; includeInIndex = 0; path = "TEP Project"; sourceTree = BUILT_PRODUCTS_DIR; };
		271825C523B6ACEE0030A4EF /* main.cpp */ = {isa = PBXFileReference; lastKnownFileType = sourcecode.cpp.cpp; path = main.cpp; sourceTree = "<group>"; };
		271825CF23B6AD430030A4EF /* Matrix.h */ = {isa = PBXFileReference; lastKnownFileType = sourcecode.c.h; path = Matrix.h; sourceTree = "<group>"; };
		271825D223B805B50030A4EF /* Table.h */ = {isa = PBXFileReference; lastKnownFileType = sourcecode.c.h; path = Table.h; sourceTree = "<group>"; };
		271825D523B807010030A4EF /* MySmartPointer.h */ = {isa = PBXFileReference; lastKnownFileType = sourcecode.c.h; path = MySmartPointer.h; sourceTree = "<group>"; };
/* End PBXFileReference section */

/* Begin PBXFrameworksBuildPhase section */
		271825BF23B6ACEE0030A4EF /* Frameworks */ = {
			isa = PBXFrameworksBuildPhase;
			buildActionMask = 2147483647;
			files = (
			);
			runOnlyForDeploymentPostprocessing = 0;
		};
/* End PBXFrameworksBuildPhase section */

/* Begin PBXGroup section */
		270C6C6023B8D25500E05B79 /* MSCN Problem */ = {
			isa = PBXGroup;
			children = (
				270C6C6123B8D28400E05B79 /* MscnProblem.h */,
				270C6C6223BA040200E05B79 /* MscnProblem.cpp */,
				270C6C7723BFD24100E05B79 /* RandomSearch.h */,
				270C6C7623BFD24100E05B79 /* RandomSearch.cpp */,
				270C6C7A23C28A4400E05B79 /* MscnSolution.cpp */,
				270C6C7B23C28A4400E05B79 /* MscnSolution.h */,
				270C6C7D23CC85DF00E05B79 /* DiffEvol.cpp */,
				270C6C7E23CC85DF00E05B79 /* DiffEvol.h */,
			);
			path = "MSCN Problem";
			sourceTree = "<group>";
		};
		270C6C6423BA53D400E05B79 /* consts */ = {
			isa = PBXGroup;
			children = (
				270C6C6523BA53E400E05B79 /* Consts.h */,
			);
			path = consts;
			sourceTree = "<group>";
		};
		270C6C6623BB49F200E05B79 /* Random */ = {
			isa = PBXGroup;
			children = (
				270C6C6723BB4A6E00E05B79 /* Random.h */,
				270C6C6823BB4A7E00E05B79 /* Random.cpp */,
			);
			path = Random;
			sourceTree = "<group>";
		};
		270C6C6A23BB8EF300E05B79 /* Range */ = {
			isa = PBXGroup;
			children = (
				270C6C6B23BB8F6400E05B79 /* Range.cpp */,
				270C6C6C23BB8F6400E05B79 /* Range.h */,
			);
			path = Range;
			sourceTree = "<group>";
		};
		270C6C6E23BCB6FB00E05B79 /* Double */ = {
			isa = PBXGroup;
			children = (
				270C6C6F23BCB71000E05B79 /* Double.cpp */,
				270C6C7023BCB71000E05B79 /* Double.h */,
			);
			path = Double;
			sourceTree = "<group>";
		};
		270C6C7223BCD60800E05B79 /* Archive */ = {
			isa = PBXGroup;
			children = (
				270C6C7323BCD61D00E05B79 /* Archive.cpp */,
				270C6C7423BCD61D00E05B79 /* Archive.h */,
			);
			path = Archive;
			sourceTree = "<group>";
		};
		271825B923B6ACEE0030A4EF = {
			isa = PBXGroup;
			children = (
				271825C423B6ACEE0030A4EF /* TEP Project */,
				271825C323B6ACEE0030A4EF /* Products */,
			);
			sourceTree = "<group>";
		};
		271825C323B6ACEE0030A4EF /* Products */ = {
			isa = PBXGroup;
			children = (
				271825C223B6ACEE0030A4EF /* TEP Project */,
			);
			name = Products;
			sourceTree = "<group>";
		};
		271825C423B6ACEE0030A4EF /* TEP Project */ = {
			isa = PBXGroup;
			children = (
				270C6C6423BA53D400E05B79 /* consts */,
				270C6C6023B8D25500E05B79 /* MSCN Problem */,
				271825CC23B6AD0A0030A4EF /* core */,
				271825C523B6ACEE0030A4EF /* main.cpp */,
			);
			path = "TEP Project";
			sourceTree = "<group>";
		};
		271825CC23B6AD0A0030A4EF /* core */ = {
			isa = PBXGroup;
			children = (
				270C6C7223BCD60800E05B79 /* Archive */,
				270C6C6E23BCB6FB00E05B79 /* Double */,
				270C6C6A23BB8EF300E05B79 /* Range */,
				270C6C6623BB49F200E05B79 /* Random */,
				271825CF23B6AD430030A4EF /* Matrix.h */,
				271825D223B805B50030A4EF /* Table.h */,
				271825D523B807010030A4EF /* MySmartPointer.h */,
				270C6C7923C2881D00E05B79 /* MatrixHelper.h */,
			);
			path = core;
			sourceTree = "<group>";
		};
/* End PBXGroup section */

/* Begin PBXNativeTarget section */
		271825C123B6ACEE0030A4EF /* TEP Project */ = {
			isa = PBXNativeTarget;
			buildConfigurationList = 271825C923B6ACEE0030A4EF /* Build configuration list for PBXNativeTarget "TEP Project" */;
			buildPhases = (
				271825BE23B6ACEE0030A4EF /* Sources */,
				271825BF23B6ACEE0030A4EF /* Frameworks */,
				271825C023B6ACEE0030A4EF /* CopyFiles */,
			);
			buildRules = (
			);
			dependencies = (
			);
			name = "TEP Project";
			productName = "TEP Project";
			productReference = 271825C223B6ACEE0030A4EF /* TEP Project */;
			productType = "com.apple.product-type.tool";
		};
/* End PBXNativeTarget section */

/* Begin PBXProject section */
		271825BA23B6ACEE0030A4EF /* Project object */ = {
			isa = PBXProject;
			attributes = {
				LastUpgradeCheck = 1110;
				ORGANIZATIONNAME = "Michał Raszczuk";
				TargetAttributes = {
					271825C123B6ACEE0030A4EF = {
						CreatedOnToolsVersion = 11.1;
					};
				};
			};
			buildConfigurationList = 271825BD23B6ACEE0030A4EF /* Build configuration list for PBXProject "TEP Project" */;
			compatibilityVersion = "Xcode 9.3";
			developmentRegion = en;
			hasScannedForEncodings = 0;
			knownRegions = (
				en,
				Base,
			);
			mainGroup = 271825B923B6ACEE0030A4EF;
			productRefGroup = 271825C323B6ACEE0030A4EF /* Products */;
			projectDirPath = "";
			projectRoot = "";
			targets = (
				271825C123B6ACEE0030A4EF /* TEP Project */,
			);
		};
/* End PBXProject section */

/* Begin PBXSourcesBuildPhase section */
		271825BE23B6ACEE0030A4EF /* Sources */ = {
			isa = PBXSourcesBuildPhase;
			buildActionMask = 2147483647;
			files = (
				270C6C6923BB4A7E00E05B79 /* Random.cpp in Sources */,
				270C6C6323BA040200E05B79 /* MscnProblem.cpp in Sources */,
				270C6C7823BFD24100E05B79 /* RandomSearch.cpp in Sources */,
				270C6C7523BCD61D00E05B79 /* Archive.cpp in Sources */,
				270C6C7123BCB71000E05B79 /* Double.cpp in Sources */,
				271825C623B6ACEE0030A4EF /* main.cpp in Sources */,
				270C6C6D23BB8F6400E05B79 /* Range.cpp in Sources */,
				270C6C7F23CC85DF00E05B79 /* DiffEvol.cpp in Sources */,
				270C6C7C23C28A4400E05B79 /* MscnSolution.cpp in Sources */,
			);
			runOnlyForDeploymentPostprocessing = 0;
		};
/* End PBXSourcesBuildPhase section */

/* Begin XCBuildConfiguration section */
		271825C723B6ACEE0030A4EF /* Debug */ = {
			isa = XCBuildConfiguration;
			buildSettings = {
				ALWAYS_SEARCH_USER_PATHS = NO;
				CLANG_ANALYZER_NONNULL = YES;
				CLANG_ANALYZER_NUMBER_OBJECT_CONVERSION = YES_AGGRESSIVE;
				CLANG_CXX_LANGUAGE_STANDARD = "gnu++14";
				CLANG_CXX_LIBRARY = "libc++";
				CLANG_ENABLE_MODULES = YES;
				CLANG_ENABLE_OBJC_ARC = YES;
				CLANG_ENABLE_OBJC_WEAK = YES;
				CLANG_WARN_BLOCK_CAPTURE_AUTORELEASING = YES;
				CLANG_WARN_BOOL_CONVERSION = YES;
				CLANG_WARN_COMMA = YES;
				CLANG_WARN_CONSTANT_CONVERSION = YES;
				CLANG_WARN_DEPRECATED_OBJC_IMPLEMENTATIONS = YES;
				CLANG_WARN_DIRECT_OBJC_ISA_USAGE = YES_ERROR;
				CLANG_WARN_DOCUMENTATION_COMMENTS = YES;
				CLANG_WARN_EMPTY_BODY = YES;
				CLANG_WARN_ENUM_CONVERSION = YES;
				CLANG_WARN_INFINITE_RECURSION = YES;
				CLANG_WARN_INT_CONVERSION = YES;
				CLANG_WARN_NON_LITERAL_NULL_CONVERSION = YES;
				CLANG_WARN_OBJC_IMPLICIT_RETAIN_SELF = YES;
				CLANG_WARN_OBJC_LITERAL_CONVERSION = YES;
				CLANG_WARN_OBJC_ROOT_CLASS = YES_ERROR;
				CLANG_WARN_RANGE_LOOP_ANALYSIS = YES;
				CLANG_WARN_STRICT_PROTOTYPES = YES;
				CLANG_WARN_SUSPICIOUS_MOVE = YES;
				CLANG_WARN_UNGUARDED_AVAILABILITY = YES_AGGRESSIVE;
				CLANG_WARN_UNREACHABLE_CODE = YES;
				CLANG_WARN__DUPLICATE_METHOD_MATCH = YES;
				COPY_PHASE_STRIP = NO;
				DEBUG_INFORMATION_FORMAT = dwarf;
				ENABLE_STRICT_OBJC_MSGSEND = YES;
				ENABLE_TESTABILITY = YES;
				GCC_C_LANGUAGE_STANDARD = gnu11;
				GCC_DYNAMIC_NO_PIC = NO;
				GCC_NO_COMMON_BLOCKS = YES;
				GCC_OPTIMIZATION_LEVEL = 0;
				GCC_PREPROCESSOR_DEFINITIONS = (
					"DEBUG=1",
					"$(inherited)",
				);
				GCC_WARN_64_TO_32_BIT_CONVERSION = YES;
				GCC_WARN_ABOUT_RETURN_TYPE = YES_ERROR;
				GCC_WARN_UNDECLARED_SELECTOR = YES;
				GCC_WARN_UNINITIALIZED_AUTOS = YES_AGGRESSIVE;
				GCC_WARN_UNUSED_FUNCTION = YES;
				GCC_WARN_UNUSED_VARIABLE = YES;
				MACOSX_DEPLOYMENT_TARGET = 10.14;
				MTL_ENABLE_DEBUG_INFO = INCLUDE_SOURCE;
				MTL_FAST_MATH = YES;
				ONLY_ACTIVE_ARCH = YES;
				SDKROOT = macosx;
			};
			name = Debug;
		};
		271825C823B6ACEE0030A4EF /* Release */ = {
			isa = XCBuildConfiguration;
			buildSettings = {
				ALWAYS_SEARCH_USER_PATHS = NO;
				CLANG_ANALYZER_NONNULL = YES;
				CLANG_ANALYZER_NUMBER_OBJECT_CONVERSION = YES_AGGRESSIVE;
				CLANG_CXX_LANGUAGE_STANDARD = "gnu++14";
				CLANG_CXX_LIBRARY = "libc++";
				CLANG_ENABLE_MODULES = YES;
				CLANG_ENABLE_OBJC_ARC = YES;
				CLANG_ENABLE_OBJC_WEAK = YES;
				CLANG_WARN_BLOCK_CAPTURE_AUTORELEASING = YES;
				CLANG_WARN_BOOL_CONVERSION = YES;
				CLANG_WARN_COMMA = YES;
				CLANG_WARN_CONSTANT_CONVERSION = YES;
				CLANG_WARN_DEPRECATED_OBJC_IMPLEMENTATIONS = YES;
				CLANG_WARN_DIRECT_OBJC_ISA_USAGE = YES_ERROR;
				CLANG_WARN_DOCUMENTATION_COMMENTS = YES;
				CLANG_WARN_EMPTY_BODY = YES;
				CLANG_WARN_ENUM_CONVERSION = YES;
				CLANG_WARN_INFINITE_RECURSION = YES;
				CLANG_WARN_INT_CONVERSION = YES;
				CLANG_WARN_NON_LITERAL_NULL_CONVERSION = YES;
				CLANG_WARN_OBJC_IMPLICIT_RETAIN_SELF = YES;
				CLANG_WARN_OBJC_LITERAL_CONVERSION = YES;
				CLANG_WARN_OBJC_ROOT_CLASS = YES_ERROR;
				CLANG_WARN_RANGE_LOOP_ANALYSIS = YES;
				CLANG_WARN_STRICT_PROTOTYPES = YES;
				CLANG_WARN_SUSPICIOUS_MOVE = YES;
				CLANG_WARN_UNGUARDED_AVAILABILITY = YES_AGGRESSIVE;
				CLANG_WARN_UNREACHABLE_CODE = YES;
				CLANG_WARN__DUPLICATE_METHOD_MATCH = YES;
				COPY_PHASE_STRIP = NO;
				DEBUG_INFORMATION_FORMAT = "dwarf-with-dsym";
				ENABLE_NS_ASSERTIONS = NO;
				ENABLE_STRICT_OBJC_MSGSEND = YES;
				GCC_C_LANGUAGE_STANDARD = gnu11;
				GCC_NO_COMMON_BLOCKS = YES;
				GCC_WARN_64_TO_32_BIT_CONVERSION = YES;
				GCC_WARN_ABOUT_RETURN_TYPE = YES_ERROR;
				GCC_WARN_UNDECLARED_SELECTOR = YES;
				GCC_WARN_UNINITIALIZED_AUTOS = YES_AGGRESSIVE;
				GCC_WARN_UNUSED_FUNCTION = YES;
				GCC_WARN_UNUSED_VARIABLE = YES;
				MACOSX_DEPLOYMENT_TARGET = 10.14;
				MTL_ENABLE_DEBUG_INFO = NO;
				MTL_FAST_MATH = YES;
				SDKROOT = macosx;
			};
			name = Release;
		};
		271825CA23B6ACEE0030A4EF /* Debug */ = {
			isa = XCBuildConfiguration;
			buildSettings = {
				CODE_SIGN_STYLE = Automatic;
				PRODUCT_NAME = "$(TARGET_NAME)";
			};
			name = Debug;
		};
		271825CB23B6ACEE0030A4EF /* Release */ = {
			isa = XCBuildConfiguration;
			buildSettings = {
				CODE_SIGN_STYLE = Automatic;
				PRODUCT_NAME = "$(TARGET_NAME)";
			};
			name = Release;
		};
/* End XCBuildConfiguration section */

/* Begin XCConfigurationList section */
		271825BD23B6ACEE0030A4EF /* Build configuration list for PBXProject "TEP Project" */ = {
			isa = XCConfigurationList;
			buildConfigurations = (
				271825C723B6ACEE0030A4EF /* Debug */,
				271825C823B6ACEE0030A4EF /* Release */,
			);
			defaultConfigurationIsVisible = 0;
			defaultConfigurationName = Release;
		};
		271825C923B6ACEE0030A4EF /* Build configuration list for PBXNativeTarget "TEP Project" */ = {
			isa = XCConfigurationList;
			buildConfigurations = (
				271825CA23B6ACEE0030A4EF /* Debug */,
				271825CB23B6ACEE0030A4EF /* Release */,
			);
			defaultConfigurationIsVisible = 0;
			defaultConfigurationName = Release;
		};
/* End XCConfigurationList section */
	};
	rootObject = 271825BA23B6ACEE0030A4EF /* Project object */;
}
